PODS:
  - Braintree/ApplePay (5.25.0):
    - Braintree/Core
  - Braintree/Card (5.25.0):
    - Braintree/Core
  - Braintree/Core (5.25.0)
  - Braintree/PaymentFlow (5.25.0):
    - Braintree/Core
    - Braintree/PayPalDataCollector
  - Braintree/PayPal (5.25.0):
    - Braintree/Core
    - Braintree/PayPalDataCollector
  - Braintree/PayPalDataCollector (5.25.0)
  - Braintree/ThreeDSecure (5.25.0):
    - Braintree/Card
    - Braintree/PaymentFlow
  - Braintree/UnionPay (5.25.0):
    - Braintree/Card
  - Braintree/Venmo (5.25.0):
    - Braintree/Core
  - BraintreeDropIn (9.11.0):
    - Braintree/ApplePay (~> 5.23)
    - Braintree/Card (~> 5.23)
    - Braintree/Core (~> 5.23)
    - Braintree/PayPal (~> 5.23)
    - Braintree/ThreeDSecure (~> 5.23)
    - Braintree/UnionPay (~> 5.23)
    - Braintree/Venmo (~> 5.23)
  - Charts (4.1.0):
    - Charts/Core (= 4.1.0)
  - Charts/Core (4.1.0):
    - SwiftAlgorithms (~> 1.0)
  - Eureka (5.3.6)
  - Firebase/Analytics (10.24.0):
    - Firebase/Core
  - Firebase/Core (10.24.0):
    - Firebase/CoreOnly
    - FirebaseAnalytics (~> 10.24.0)
  - Firebase/CoreOnly (10.24.0):
    - FirebaseCore (= 10.24.0)
  - Firebase/Crashlytics (10.24.0):
    - Firebase/CoreOnly
    - FirebaseCrashlytics (~> 10.24.0)
  - Firebase/Messaging (10.24.0):
    - Firebase/CoreOnly
    - FirebaseMessaging (~> 10.24.0)
  - FirebaseAnalytics (10.24.0):
    - FirebaseAnalytics/AdIdSupport (= 10.24.0)
    - FirebaseCore (~> 10.0)
    - FirebaseInstallations (~> 10.0)
    - GoogleUtilities/AppDelegateSwizzler (~> 7.11)
    - GoogleUtilities/MethodSwizzler (~> 7.11)
    - GoogleUtilities/Network (~> 7.11)
    - "GoogleUtilities/NSData+zlib (~> 7.11)"
    - nanopb (< 2.30911.0, >= 2.30908.0)
  - FirebaseAnalytics/AdIdSupport (10.24.0):
    - FirebaseCore (~> 10.0)
    - FirebaseInstallations (~> 10.0)
    - GoogleAppMeasurement (= 10.24.0)
    - GoogleUtilities/AppDelegateSwizzler (~> 7.11)
    - GoogleUtilities/MethodSwizzler (~> 7.11)
    - GoogleUtilities/Network (~> 7.11)
    - "GoogleUtilities/NSData+zlib (~> 7.11)"
    - nanopb (< 2.30911.0, >= 2.30908.0)
  - FirebaseAppCheckInterop (10.24.0)
  - FirebaseAuth (10.24.0):
    - FirebaseAppCheckInterop (~> 10.17)
    - FirebaseCore (~> 10.0)
    - GoogleUtilities/AppDelegateSwizzler (~> 7.8)
    - GoogleUtilities/Environment (~> 7.8)
    - GTMSessionFetcher/Core (< 4.0, >= 2.1)
    - RecaptchaInterop (~> 100.0)
  - FirebaseAuthUI (13.1.0):
    - FirebaseAuth (< 11.0, >= 8.0)
    - FirebaseCore
  - FirebaseCore (10.24.0):
    - FirebaseCoreInternal (~> 10.0)
    - GoogleUtilities/Environment (~> 7.12)
    - GoogleUtilities/Logger (~> 7.12)
  - FirebaseCoreExtension (10.24.0):
    - FirebaseCore (~> 10.0)
  - FirebaseCoreInternal (10.24.0):
    - "GoogleUtilities/NSData+zlib (~> 7.8)"
  - FirebaseCrashlytics (10.24.0):
    - FirebaseCore (~> 10.5)
    - FirebaseInstallations (~> 10.0)
    - FirebaseRemoteConfigInterop (~> 10.23)
    - FirebaseSessions (~> 10.5)
    - GoogleDataTransport (~> 9.2)
    - GoogleUtilities/Environment (~> 7.8)
    - nanopb (< 2.30911.0, >= 2.30908.0)
    - PromisesObjC (~> 2.1)
  - FirebaseInstallations (10.24.0):
    - FirebaseCore (~> 10.0)
    - GoogleUtilities/Environment (~> 7.8)
    - GoogleUtilities/UserDefaults (~> 7.8)
    - PromisesObjC (~> 2.1)
  - FirebaseMessaging (10.24.0):
    - FirebaseCore (~> 10.0)
    - FirebaseInstallations (~> 10.0)
    - GoogleDataTransport (~> 9.3)
    - GoogleUtilities/AppDelegateSwizzler (~> 7.8)
    - GoogleUtilities/Environment (~> 7.8)
    - GoogleUtilities/Reachability (~> 7.8)
    - GoogleUtilities/UserDefaults (~> 7.8)
    - nanopb (< 2.30911.0, >= 2.30908.0)
  - FirebasePhoneAuthUI (13.1.0):
    - FirebaseAuth
    - FirebaseAuthUI
  - FirebaseRemoteConfigInterop (10.24.0)
  - FirebaseSessions (10.24.0):
    - FirebaseCore (~> 10.5)
    - FirebaseCoreExtension (~> 10.0)
    - FirebaseInstallations (~> 10.0)
    - GoogleDataTransport (~> 9.2)
    - GoogleUtilities/Environment (~> 7.10)
    - nanopb (< 2.30911.0, >= 2.30908.0)
    - PromisesSwift (~> 2.1)
  - FirebaseUI/Phone (13.1.0):
    - FirebasePhoneAuthUI (~> 13.0)
  - GoogleAppMeasurement (10.24.0):
    - GoogleAppMeasurement/AdIdSupport (= 10.24.0)
    - GoogleUtilities/AppDelegateSwizzler (~> 7.11)
    - GoogleUtilities/MethodSwizzler (~> 7.11)
    - GoogleUtilities/Network (~> 7.11)
    - "GoogleUtilities/NSData+zlib (~> 7.11)"
    - nanopb (< 2.30911.0, >= 2.30908.0)
  - GoogleAppMeasurement/AdIdSupport (10.24.0):
    - GoogleAppMeasurement/WithoutAdIdSupport (= 10.24.0)
    - GoogleUtilities/AppDelegateSwizzler (~> 7.11)
    - GoogleUtilities/MethodSwizzler (~> 7.11)
    - GoogleUtilities/Network (~> 7.11)
    - "GoogleUtilities/NSData+zlib (~> 7.11)"
    - nanopb (< 2.30911.0, >= 2.30908.0)
  - GoogleAppMeasurement/WithoutAdIdSupport (10.24.0):
    - GoogleUtilities/AppDelegateSwizzler (~> 7.11)
    - GoogleUtilities/MethodSwizzler (~> 7.11)
    - GoogleUtilities/Network (~> 7.11)
    - "GoogleUtilities/NSData+zlib (~> 7.11)"
    - nanopb (< 2.30911.0, >= 2.30908.0)
  - GoogleDataTransport (9.4.1):
    - GoogleUtilities/Environment (~> 7.7)
    - nanopb (< 2.30911.0, >= 2.30908.0)
    - PromisesObjC (< 3.0, >= 1.2)
  - GoogleMaps (3.1.0):
    - GoogleMaps/Maps (= 3.1.0)
  - GoogleMaps/Base (3.1.0)
  - GoogleMaps/Maps (3.1.0):
    - GoogleMaps/Base
  - GooglePlaces (3.1.0):
    - GoogleMaps/Base (= 3.1.0)
  - GooglePlacesPicker (1.2)
  - GoogleUtilities/AppDelegateSwizzler (7.13.0):
    - GoogleUtilities/Environment
    - GoogleUtilities/Logger
    - GoogleUtilities/Network
    - GoogleUtilities/Privacy
  - GoogleUtilities/Environment (7.13.0):
    - GoogleUtilities/Privacy
    - PromisesObjC (< 3.0, >= 1.2)
  - GoogleUtilities/Logger (7.13.0):
    - GoogleUtilities/Environment
    - GoogleUtilities/Privacy
  - GoogleUtilities/MethodSwizzler (7.13.0):
    - GoogleUtilities/Logger
    - GoogleUtilities/Privacy
  - GoogleUtilities/Network (7.13.0):
    - GoogleUtilities/Logger
    - "GoogleUtilities/NSData+zlib"
    - GoogleUtilities/Privacy
    - GoogleUtilities/Reachability
  - "GoogleUtilities/NSData+zlib (7.13.0)":
    - GoogleUtilities/Privacy
  - GoogleUtilities/Privacy (7.13.0)
  - GoogleUtilities/Reachability (7.13.0):
    - GoogleUtilities/Logger
    - GoogleUtilities/Privacy
  - GoogleUtilities/UserDefaults (7.13.0):
    - GoogleUtilities/Logger
    - GoogleUtilities/Privacy
  - GTMSessionFetcher/Core (3.3.2)
  - iCarousel (1.8.3)
  - ImageRow (4.1.0):
    - Eureka (~> 5.3.5)
  - MaterialComponents/AnimationTiming (124.2.0)
  - MaterialComponents/Availability (124.2.0)
  - MaterialComponents/private/Math (124.2.0)
  - "MaterialComponents/private/TextControlsPrivate+BaseStyle (124.2.0)":
    - MaterialComponents/AnimationTiming
    - MaterialComponents/private/Math
    - "MaterialComponents/private/TextControlsPrivate+Shared"
  - "MaterialComponents/private/TextControlsPrivate+FilledStyle (124.2.0)":
    - MaterialComponents/AnimationTiming
    - MaterialComponents/Availability
    - MaterialComponents/private/Math
    - "MaterialComponents/private/TextControlsPrivate+Shared"
    - "MaterialComponents/private/TextControlsPrivate+UnderlinedStyle"
  - "MaterialComponents/private/TextControlsPrivate+OutlinedStyle (124.2.0)":
    - MaterialComponents/AnimationTiming
    - MaterialComponents/Availability
    - MaterialComponents/private/Math
    - "MaterialComponents/private/TextControlsPrivate+Shared"
  - "MaterialComponents/private/TextControlsPrivate+Shared (124.2.0)":
    - MaterialComponents/AnimationTiming
    - MaterialComponents/private/Math
    - "MaterialComponents/TextControls+Enums"
  - "MaterialComponents/private/TextControlsPrivate+TextFields (124.2.0)":
    - MaterialComponents/private/Math
    - "MaterialComponents/private/TextControlsPrivate+Shared"
  - "MaterialComponents/private/TextControlsPrivate+UnderlinedStyle (124.2.0)":
    - MaterialComponents/AnimationTiming
    - MaterialComponents/Availability
    - MaterialComponents/private/Math
    - "MaterialComponents/private/TextControlsPrivate+Shared"
  - "MaterialComponents/TextControls+BaseTextAreas (124.2.0)":
    - "MaterialComponents/private/TextControlsPrivate+BaseStyle"
    - "MaterialComponents/private/TextControlsPrivate+Shared"
    - MDFInternationalization
  - "MaterialComponents/TextControls+BaseTextFields (124.2.0)":
    - "MaterialComponents/private/TextControlsPrivate+BaseStyle"
    - "MaterialComponents/private/TextControlsPrivate+Shared"
    - "MaterialComponents/private/TextControlsPrivate+TextFields"
    - MDFInternationalization
  - "MaterialComponents/TextControls+Enums (124.2.0)"
  - "MaterialComponents/TextControls+FilledTextAreas (124.2.0)":
    - MaterialComponents/Availability
    - "MaterialComponents/private/TextControlsPrivate+FilledStyle"
    - "MaterialComponents/TextControls+BaseTextAreas"
  - "MaterialComponents/TextControls+FilledTextFields (124.2.0)":
    - MaterialComponents/Availability
    - "MaterialComponents/private/TextControlsPrivate+FilledStyle"
    - "MaterialComponents/TextControls+BaseTextFields"
  - "MaterialComponents/TextControls+OutlinedTextAreas (124.2.0)":
    - MaterialComponents/Availability
    - "MaterialComponents/private/TextControlsPrivate+OutlinedStyle"
    - "MaterialComponents/TextControls+BaseTextAreas"
  - "MaterialComponents/TextControls+OutlinedTextFields (124.2.0)":
    - MaterialComponents/Availability
    - "MaterialComponents/private/TextControlsPrivate+OutlinedStyle"
    - "MaterialComponents/TextControls+BaseTextFields"
  - MDFInternationalization (3.0.0)
  - nanopb (2.30910.0):
    - nanopb/decode (= 2.30910.0)
    - nanopb/encode (= 2.30910.0)
  - nanopb/decode (2.30910.0)
  - nanopb/encode (2.30910.0)
  - OTPFieldView (1.0.1)
  - PlacesPicker (0.0.3):
    - GoogleMaps (~> 3.1.0)
    - GooglePlaces (~> 3.1.0)
  - ProgressHUD (14.1.1)
  - PromisesObjC (2.4.0)
  - PromisesSwift (2.4.0):
    - PromisesObjC (= 2.4.0)
  - RecaptchaInterop (100.0.0)
  - Stripe (23.27.0):
    - StripeApplePay (= 23.27.0)
    - StripeCore (= 23.27.0)
    - StripePayments (= 23.27.0)
    - StripePaymentsUI (= 23.27.0)
    - StripeUICore (= 23.27.0)
  - StripeApplePay (23.27.0):
    - StripeCore (= 23.27.0)
  - StripeCore (23.27.0)
  - StripePayments (23.27.0):
    - StripeCore (= 23.27.0)
    - StripePayments/Stripe3DS2 (= 23.27.0)
  - StripePayments/Stripe3DS2 (23.27.0):
    - StripeCore (= 23.27.0)
  - StripePaymentsUI (23.27.0):
    - StripeCore (= 23.27.0)
    - StripePayments (= 23.27.0)
    - StripeUICore (= 23.27.0)
  - StripeUICore (23.27.0):
    - StripeCore (= 23.27.0)
  - SwiftAlgorithms (1.0.0)

DEPENDENCIES:
  - BraintreeDropIn
  - Charts
  - Eureka
  - Firebase/Analytics
  - Firebase/Crashlytics
  - Firebase/Messaging
  - FirebaseUI/Phone
  - GooglePlacesPicker
  - iCarousel
  - ImageRow
  - "MaterialComponents/TextControls+FilledTextAreas"
  - "MaterialComponents/TextControls+FilledTextFields"
  - "MaterialComponents/TextControls+OutlinedTextAreas"
  - "MaterialComponents/TextControls+OutlinedTextFields"
  - OTPFieldView
  - PlacesPicker
  - ProgressHUD
  - Stripe

SPEC REPOS:
  trunk:
    - Braintree
    - BraintreeDropIn
    - Charts
    - Eureka
    - Firebase
    - FirebaseAnalytics
    - FirebaseAppCheckInterop
    - FirebaseAuth
    - FirebaseAuthUI
    - FirebaseCore
    - FirebaseCoreExtension
    - FirebaseCoreInternal
    - FirebaseCrashlytics
    - FirebaseInstallations
    - FirebaseMessaging
    - FirebasePhoneAuthUI
    - FirebaseRemoteConfigInterop
    - FirebaseSessions
    - FirebaseUI
    - GoogleAppMeasurement
    - GoogleDataTransport
    - GoogleMaps
    - GooglePlaces
    - GooglePlacesPicker
    - GoogleUtilities
    - GTMSessionFetcher
    - iCarousel
    - ImageRow
    - MaterialComponents
    - MDFInternationalization
    - nanopb
    - OTPFieldView
    - PlacesPicker
    - ProgressHUD
    - PromisesObjC
    - PromisesSwift
    - RecaptchaInterop
    - Stripe
    - StripeApplePay
    - StripeCore
    - StripePayments
    - StripePaymentsUI
    - StripeUICore
    - SwiftAlgorithms

SPEC CHECKSUMS:
  Braintree: bf30e7852422d63a8f83f30eaa8c190e809f6120
  BraintreeDropIn: b061dfec19f79f4ebd7a707c07176ac23a3b9cfe
  Charts: ce0768268078eee0336f122c3c4ca248e4e204c5
  Eureka: 28ad9dec6286cd7cd601fdf8e8df39bb7356a8f4
  Firebase: 91fefd38712feb9186ea8996af6cbdef41473442
  FirebaseAnalytics: b5efc493eb0f40ec560b04a472e3e1a15d39ca13
  FirebaseAppCheckInterop: fecc08c89936c8acb1428d8088313aabedb348e4
  FirebaseAuth: 711d01cccefaf10035b3090a92956d0dd4f99088
  FirebaseAuthUI: 9b4de780078d674019a2bfc560bb812f23b45ff1
  FirebaseCore: 11dc8a16dfb7c5e3c3f45ba0e191a33ac4f50894
  FirebaseCoreExtension: af5fd85e817ea9d19f9a2659a376cf9cf99f03c0
  FirebaseCoreInternal: bcb5acffd4ea05e12a783ecf835f2210ce3dc6af
  FirebaseCrashlytics: af38ea4adfa606f6e63fcc22091b61e7938fcf66
  FirebaseInstallations: 8f581fca6478a50705d2bd2abd66d306e0f5736e
  FirebaseMessaging: 4d52717dd820707cc4eadec5eb981b4832ec8d5d
  FirebasePhoneAuthUI: 4e32b332ba0484a0b6cf8246c93c23a24f9dbcad
  FirebaseRemoteConfigInterop: 6c349a466490aeace3ce9c091c86be1730711634
  FirebaseSessions: 2651b464e241c93fd44112f995d5ab663c970487
  FirebaseUI: d3e0d3f81f5c464554945195a6133a3ab905b6a7
  GoogleAppMeasurement: f3abf08495ef2cba7829f15318c373b8d9226491
  GoogleDataTransport: 6c09b596d841063d76d4288cc2d2f42cc36e1e2a
  GoogleMaps: 5c13302e6fe6bb6e686b267196586b91cd594225
  GooglePlaces: e874db179f2675c4f3eeda0b686b540273a578b0
  GooglePlacesPicker: 7fc917a2b8800d7d5a46ff1bfc4c0939c0e4e12e
  GoogleUtilities: d053d902a8edaa9904e1bd00c37535385b8ed152
  GTMSessionFetcher: 0e876eea9782ec6462e91ab872711c357322c94f
  iCarousel: d782f635afac190c49bb8ee455882284cff8b85f
  ImageRow: 880c0f052c5a89c80521b485c86ccf723a124e99
  MaterialComponents: 1a9b2d9d45b1601ae544de85089adc4c464306d4
  MDFInternationalization: d697c55307816222a55685c4ccb1044ffb030c12
  nanopb: 438bc412db1928dac798aa6fd75726007be04262
  OTPFieldView: 700a752fe62c41d1c4914c78aa500fb30d97c255
  PlacesPicker: 3748ed50243c4b786dd8404610b279c96455f0c1
  ProgressHUD: abb9136ae23c85204236828562cb9a8ec98efb44
  PromisesObjC: f5707f49cb48b9636751c5b2e7d227e43fba9f47
  PromisesSwift: 9d77319bbe72ebf6d872900551f7eeba9bce2851
  RecaptchaInterop: 7d1a4a01a6b2cb1610a47ef3f85f0c411434cb21
  Stripe: ee6dfffc5e8a9fcdc6e023e041b52cfea362df6e
  StripeApplePay: c76959cf0149f908a803f91ce750332b39c0decc
  StripeCore: bbaa237ed7d273315d9c8c48d3103e4fe1bcd380
  StripePayments: feb5245e89c901edd849436f9f35d285619a1ccc
  StripePaymentsUI: 000e30dc6bc5b04f36f8a9fac80b6a4a5298cd99
  StripeUICore: 31c66d62940078bd132c23a1fe9ec8746edc02a2
  SwiftAlgorithms: 38dda4731d19027fdeee1125f973111bf3386b53

PODFILE CHECKSUM: 9c602555e6523ab75c4735b69a1bb5a9150fe6cc

COCOAPODS: 1.15.2
